
Microsoft Visual Studio Solution File, Format Version 12.00
# Visual Studio Version 17
VisualStudioVersion = 17.9.34728.123
MinimumVisualStudioVersion = 10.0.40219.1
Project("{FAE04EC0-301F-11D3-BF4B-00C04F79EFBC}") = "module_3", "module_3.csproj", "{54B75F6B-6F5F-4458-AA8A-7DF86434E665}"
EndProject
Global
	GlobalSection(SolutionConfigurationPlatforms) = preSolution
		Debug|Any CPU = Debug|Any CPU
		Release|Any CPU = Release|Any CPU
	EndGlobalSection
	GlobalSection(ProjectConfigurationPlatforms) = postSolution
		{54B75F6B-6F5F-4458-AA8A-7DF86434E665}.Debug|Any CPU.ActiveCfg = Debug|Any CPU
		{54B75F6B-6F5F-4458-AA8A-7DF86434E665}.Debug|Any CPU.Build.0 = Debug|Any CPU
		{54B75F6B-6F5F-4458-AA8A-7DF86434E665}.Release|Any CPU.ActiveCfg = Release|Any CPU
		{54B75F6B-6F5F-4458-AA8A-7DF86434E665}.Release|Any CPU.Build.0 = Release|Any CPU
	EndGlobalSection
	GlobalSection(SolutionProperties) = preSolution
		HideSolutionNode = FALSE
	EndGlobalSection
	GlobalSection(ExtensibilityGlobals) = postSolution
		SolutionGuid = {05DF7480-D7E6-4017-873D-AFA47AC43102}
	EndGlobalSection
EndGlobal
